
Microsoft Visual Studio Solution File, Format Version 12.00
# Visual Studio 2012
Project("{8BC9CEB8-8B4A-11D0-8D11-00A0C91BC942}") = "MyMathDLL", "MyMathDLL\MyMathDLL.vcxproj", "{90A71DA9-3A45-4F84-AD1A-9F63958742AB}"
EndProject
Global
	GlobalSection(SolutionConfigurationPlatforms) = preSolution
		Debug|Win32 = Debug|Win32
		Release|Win32 = Release|Win32
	EndGlobalSection
	GlobalSection(ProjectConfigurationPlatforms) = postSolution
		{90A71DA9-3A45-4F84-AD1A-9F63958742AB}.Debug|Win32.ActiveCfg = Debug|Win32
		{90A71DA9-3A45-4F84-AD1A-9F63958742AB}.Debug|Win32.Build.0 = Debug|Win32
		{90A71DA9-3A45-4F84-AD1A-9F63958742AB}.Release|Win32.ActiveCfg = Release|Win32
		{90A71DA9-3A45-4F84-AD1A-9F63958742AB}.Release|Win32.Build.0 = Release|Win32
	EndGlobalSection
	GlobalSection(SolutionProperties) = preSolution
		HideSolutionNode = FALSE
	EndGlobalSection
EndGlobal
