
Microsoft Visual Studio Solution File, Format Version 12.00
# Visual Studio Version 17
VisualStudioVersion = 17.4.33213.308
MinimumVisualStudioVersion = 10.0.40219.1
Project("{FAE04EC0-301F-11D3-BF4B-00C04F79EFBC}") = "M209AnalyzerLib", "M209Analyzer\M209AnalyzerLib.csproj", "{BC60DA91-4135-4CFB-B0F4-2B250D435C73}"
EndProject
Project("{FAE04EC0-301F-11D3-BF4B-00C04F79EFBC}") = "M209AnalyzerUI", "M209AnalyzerUI\M209AnalyzerUI.csproj", "{5040F28A-5186-4C17-B8FE-E6EA5328ECFD}"
EndProject
Global
	GlobalSection(SolutionConfigurationPlatforms) = preSolution
		Debug|Any CPU = Debug|Any CPU
		Debug|x64 = Debug|x64
		Release|Any CPU = Release|Any CPU
		Release|x64 = Release|x64
	EndGlobalSection
	GlobalSection(ProjectConfigurationPlatforms) = postSolution
		{BC60DA91-4135-4CFB-B0F4-2B250D435C73}.Debug|Any CPU.ActiveCfg = Release|x64
		{BC60DA91-4135-4CFB-B0F4-2B250D435C73}.Debug|Any CPU.Build.0 = Release|x64
		{BC60DA91-4135-4CFB-B0F4-2B250D435C73}.Debug|x64.ActiveCfg = Debug|x64
		{BC60DA91-4135-4CFB-B0F4-2B250D435C73}.Debug|x64.Build.0 = Debug|x64
		{BC60DA91-4135-4CFB-B0F4-2B250D435C73}.Release|Any CPU.ActiveCfg = Release|Any CPU
		{BC60DA91-4135-4CFB-B0F4-2B250D435C73}.Release|Any CPU.Build.0 = Release|Any CPU
		{BC60DA91-4135-4CFB-B0F4-2B250D435C73}.Release|x64.ActiveCfg = Release|x64
		{BC60DA91-4135-4CFB-B0F4-2B250D435C73}.Release|x64.Build.0 = Release|x64
		{5040F28A-5186-4C17-B8FE-E6EA5328ECFD}.Debug|Any CPU.ActiveCfg = Release|Any CPU
		{5040F28A-5186-4C17-B8FE-E6EA5328ECFD}.Debug|Any CPU.Build.0 = Release|Any CPU
		{5040F28A-5186-4C17-B8FE-E6EA5328ECFD}.Debug|x64.ActiveCfg = Debug|x64
		{5040F28A-5186-4C17-B8FE-E6EA5328ECFD}.Debug|x64.Build.0 = Debug|x64
		{5040F28A-5186-4C17-B8FE-E6EA5328ECFD}.Release|Any CPU.ActiveCfg = Release|Any CPU
		{5040F28A-5186-4C17-B8FE-E6EA5328ECFD}.Release|Any CPU.Build.0 = Release|Any CPU
		{5040F28A-5186-4C17-B8FE-E6EA5328ECFD}.Release|x64.ActiveCfg = Release|x64
		{5040F28A-5186-4C17-B8FE-E6EA5328ECFD}.Release|x64.Build.0 = Release|x64
	EndGlobalSection
	GlobalSection(SolutionProperties) = preSolution
		HideSolutionNode = FALSE
	EndGlobalSection
	GlobalSection(ExtensibilityGlobals) = postSolution
		SolutionGuid = {647EECCF-9448-4487-BC86-2DDB69A34964}
	EndGlobalSection
EndGlobal
