
Microsoft Visual Studio Solution File, Format Version 12.00
# Visual Studio Version 16
VisualStudioVersion = 16.0.29509.3
MinimumVisualStudioVersion = 10.0.40219.1
Project("{FAE04EC0-301F-11D3-BF4B-00C04F79EFBC}") = "TemplateEditor", "TemplateEditor\TemplateEditor.csproj", "{7E16AF67-65C7-4D3D-9A8B-A302F333E39E}"
EndProject
Global
	GlobalSection(SolutionConfigurationPlatforms) = preSolution
		Debug|x64 = Debug|x64
		Release|x64 = Release|x64
	EndGlobalSection
	GlobalSection(ProjectConfigurationPlatforms) = postSolution
		{7E16AF67-65C7-4D3D-9A8B-A302F333E39E}.Debug|x64.ActiveCfg = Debug|x64
		{7E16AF67-65C7-4D3D-9A8B-A302F333E39E}.Debug|x64.Build.0 = Debug|x64
		{7E16AF67-65C7-4D3D-9A8B-A302F333E39E}.Release|x64.ActiveCfg = Release|x64
		{7E16AF67-65C7-4D3D-9A8B-A302F333E39E}.Release|x64.Build.0 = Release|x64
	EndGlobalSection
	GlobalSection(SolutionProperties) = preSolution
		HideSolutionNode = FALSE
	EndGlobalSection
	GlobalSection(ExtensibilityGlobals) = postSolution
		SolutionGuid = {F35BAF14-0FDA-4C21-A338-0004ED35830B}
	EndGlobalSection
EndGlobal
