
Microsoft Visual Studio Solution File, Format Version 12.00
# Visual Studio Version 16
VisualStudioVersion = 16.0.29509.3
MinimumVisualStudioVersion = 10.0.40219.1
Project("{FAE04EC0-301F-11D3-BF4B-00C04F79EFBC}") = "StandaloneKeySearcher", "StandaloneKeySearcher\StandaloneKeySearcher.csproj", "{D4052D76-43F6-4C10-8195-D7DD220708CF}"
EndProject
Project("{2150E333-8FDC-42A3-9474-1A3956D46DE8}") = "CT2_MainComponents", "CT2_MainComponents", "{0BCB2A8B-D505-48AB-A802-55039EE9C542}"
EndProject
Project("{FAE04EC0-301F-11D3-BF4B-00C04F79EFBC}") = "CrypPluginBase", "..\..\CrypPluginBase\CrypPluginBase.csproj", "{25DB2B47-A457-4EC2-960B-395CE07AE093}"
EndProject
Project("{FAE04EC0-301F-11D3-BF4B-00C04F79EFBC}") = "CrypCloudCore", "..\..\CrypCloud\CrypCloudCore\CrypCloudCore.csproj", "{5AA65CEE-66BF-4B99-B46B-339E15C1A2C4}"
EndProject
Project("{FAE04EC0-301F-11D3-BF4B-00C04F79EFBC}") = "WorkspaceManagerModel", "..\..\WorkspaceManagerModel\WorkspaceManagerModel.csproj", "{C35A6E71-D6FE-478B-A12D-FAD54FC4EDC9}"
EndProject
Project("{2150E333-8FDC-42A3-9474-1A3956D46DE8}") = "CT2_Components", "CT2_Components", "{C09AE9C6-E15F-46B4-94BC-AA26A237BDB8}"
EndProject
Project("{FAE04EC0-301F-11D3-BF4B-00C04F79EFBC}") = "KeySearcher", "..\..\CrypPlugins\KeySearcher\KeySearcher.csproj", "{0579E099-66B2-43C3-B8A0-43CAE4895E68}"
EndProject
Project("{FAE04EC0-301F-11D3-BF4B-00C04F79EFBC}") = "TextInput", "..\..\CrypPlugins\TextInput\TextInput.csproj", "{475E8850-4D82-4C5E-AD19-5FDA82BC7576}"
EndProject
Project("{FAE04EC0-301F-11D3-BF4B-00C04F79EFBC}") = "TextOutput", "..\..\CrypPlugins\TextOutput\TextOutput.csproj", "{A5529873-06EA-4E38-8B99-5ABD84B20446}"
EndProject
Project("{FAE04EC0-301F-11D3-BF4B-00C04F79EFBC}") = "StringDecoder", "..\..\CrypPlugins\StringDecoder\StringDecoder.csproj", "{A7A16F8B-2616-442F-8B8E-8AD0E2EDB7FF}"
EndProject
Project("{FAE04EC0-301F-11D3-BF4B-00C04F79EFBC}") = "StringEncoder", "..\..\CrypPlugins\StringEncoder\StringEncoder.csproj", "{98B733EB-58B4-4FC3-B2A7-FF1E9A75CF25}"
EndProject
Project("{FAE04EC0-301F-11D3-BF4B-00C04F79EFBC}") = "Converter", "..\..\CrypPlugins\Converter\Converter.csproj", "{44570501-A850-4518-A1F1-A8795D91D826}"
EndProject
Project("{FAE04EC0-301F-11D3-BF4B-00C04F79EFBC}") = "VoluntLib2", "..\..\LibSource\VoluntLib2\VoluntLib2.csproj", "{1B68FDAA-C5A7-4F8A-BD5B-5876E8AC1879}"
EndProject
Project("{FAE04EC0-301F-11D3-BF4B-00C04F79EFBC}") = "OpenCLNet", "..\..\LibSource\OpenCLNet\OpenCLNet.csproj", "{0946E1A6-5488-4711-AD10-D54D6A5D2F32}"
EndProject
Project("{FAE04EC0-301F-11D3-BF4B-00C04F79EFBC}") = "KeyTextBox", "..\..\LibSource\KeyTextBox\KeyTextBox.csproj", "{FD4214D8-FFB9-406F-9202-BB5EC0645E8F}"
EndProject
Project("{FAE04EC0-301F-11D3-BF4B-00C04F79EFBC}") = "CrypAnalysisViewControl", "..\..\LibSource\CrypAnalysisViewControl\CrypAnalysisViewControl.csproj", "{4AB9BE96-3E34-40CB-9270-A64480C851EE}"
EndProject
Project("{FAE04EC0-301F-11D3-BF4B-00C04F79EFBC}") = "CostFunction", "..\..\CrypPlugins\CostFunction\CostFunction.csproj", "{3C72FF93-48C2-4929-B3B2-83F165AAE636}"
EndProject
Project("{FAE04EC0-301F-11D3-BF4B-00C04F79EFBC}") = "DES", "..\..\CrypPlugins\DES\DES.csproj", "{E3D15A1E-65D0-457A-9894-7F4E36369163}"
EndProject
Project("{8BC9CEB8-8B4A-11D0-8D11-00A0C91BC942}") = "NativeCryptography", "..\..\LibSource\NativeCryptography\NativeCryptography.vcxproj", "{97B06ADB-43E4-4320-9AD8-D167421F0644}"
EndProject
Project("{FAE04EC0-301F-11D3-BF4B-00C04F79EFBC}") = "CrypCore", "..\..\CrypCore\CrypCore.csproj", "{FF5D473C-0716-4D3E-9078-2EBD979F94C6}"
EndProject
Project("{FAE04EC0-301F-11D3-BF4B-00C04F79EFBC}") = "WellKnownPeer", "..\WellKnownPeer\WellKnownPeer.csproj", "{B3081095-4B9D-4E5A-A9EE-866C71135878}"
EndProject
Global
	GlobalSection(SolutionConfigurationPlatforms) = preSolution
		Debug|x64 = Debug|x64
		Debug|x86 = Debug|x86
		Release|x64 = Release|x64
		Release|x86 = Release|x86
		Test|x64 = Test|x64
		Test|x86 = Test|x86
	EndGlobalSection
	GlobalSection(ProjectConfigurationPlatforms) = postSolution
		{D4052D76-43F6-4C10-8195-D7DD220708CF}.Debug|x64.ActiveCfg = Debug|x64
		{D4052D76-43F6-4C10-8195-D7DD220708CF}.Debug|x64.Build.0 = Debug|x64
		{D4052D76-43F6-4C10-8195-D7DD220708CF}.Debug|x86.ActiveCfg = Debug|x64
		{D4052D76-43F6-4C10-8195-D7DD220708CF}.Release|x64.ActiveCfg = Release|x64
		{D4052D76-43F6-4C10-8195-D7DD220708CF}.Release|x64.Build.0 = Release|x64
		{D4052D76-43F6-4C10-8195-D7DD220708CF}.Release|x86.ActiveCfg = Release|x64
		{D4052D76-43F6-4C10-8195-D7DD220708CF}.Test|x64.ActiveCfg = Release|x64
		{D4052D76-43F6-4C10-8195-D7DD220708CF}.Test|x64.Build.0 = Release|x64
		{D4052D76-43F6-4C10-8195-D7DD220708CF}.Test|x86.ActiveCfg = Release|x64
		{D4052D76-43F6-4C10-8195-D7DD220708CF}.Test|x86.Build.0 = Release|x64
		{25DB2B47-A457-4EC2-960B-395CE07AE093}.Debug|x64.ActiveCfg = Debug|x64
		{25DB2B47-A457-4EC2-960B-395CE07AE093}.Debug|x64.Build.0 = Debug|x64
		{25DB2B47-A457-4EC2-960B-395CE07AE093}.Debug|x86.ActiveCfg = Debug|x86
		{25DB2B47-A457-4EC2-960B-395CE07AE093}.Debug|x86.Build.0 = Debug|x86
		{25DB2B47-A457-4EC2-960B-395CE07AE093}.Release|x64.ActiveCfg = Release|x64
		{25DB2B47-A457-4EC2-960B-395CE07AE093}.Release|x64.Build.0 = Release|x64
		{25DB2B47-A457-4EC2-960B-395CE07AE093}.Release|x86.ActiveCfg = Release|x86
		{25DB2B47-A457-4EC2-960B-395CE07AE093}.Release|x86.Build.0 = Release|x86
		{25DB2B47-A457-4EC2-960B-395CE07AE093}.Test|x64.ActiveCfg = Test|x64
		{25DB2B47-A457-4EC2-960B-395CE07AE093}.Test|x64.Build.0 = Test|x64
		{25DB2B47-A457-4EC2-960B-395CE07AE093}.Test|x86.ActiveCfg = Test|x86
		{25DB2B47-A457-4EC2-960B-395CE07AE093}.Test|x86.Build.0 = Test|x86
		{5AA65CEE-66BF-4B99-B46B-339E15C1A2C4}.Debug|x64.ActiveCfg = Debug|x64
		{5AA65CEE-66BF-4B99-B46B-339E15C1A2C4}.Debug|x64.Build.0 = Debug|x64
		{5AA65CEE-66BF-4B99-B46B-339E15C1A2C4}.Debug|x86.ActiveCfg = Debug|x86
		{5AA65CEE-66BF-4B99-B46B-339E15C1A2C4}.Debug|x86.Build.0 = Debug|x86
		{5AA65CEE-66BF-4B99-B46B-339E15C1A2C4}.Release|x64.ActiveCfg = Release|x64
		{5AA65CEE-66BF-4B99-B46B-339E15C1A2C4}.Release|x64.Build.0 = Release|x64
		{5AA65CEE-66BF-4B99-B46B-339E15C1A2C4}.Release|x86.ActiveCfg = Release|x86
		{5AA65CEE-66BF-4B99-B46B-339E15C1A2C4}.Release|x86.Build.0 = Release|x86
		{5AA65CEE-66BF-4B99-B46B-339E15C1A2C4}.Test|x64.ActiveCfg = Test|x64
		{5AA65CEE-66BF-4B99-B46B-339E15C1A2C4}.Test|x64.Build.0 = Test|x64
		{5AA65CEE-66BF-4B99-B46B-339E15C1A2C4}.Test|x86.ActiveCfg = Test|x86
		{5AA65CEE-66BF-4B99-B46B-339E15C1A2C4}.Test|x86.Build.0 = Test|x86
		{C35A6E71-D6FE-478B-A12D-FAD54FC4EDC9}.Debug|x64.ActiveCfg = Debug|x64
		{C35A6E71-D6FE-478B-A12D-FAD54FC4EDC9}.Debug|x64.Build.0 = Debug|x64
		{C35A6E71-D6FE-478B-A12D-FAD54FC4EDC9}.Debug|x86.ActiveCfg = Debug|x86
		{C35A6E71-D6FE-478B-A12D-FAD54FC4EDC9}.Debug|x86.Build.0 = Debug|x86
		{C35A6E71-D6FE-478B-A12D-FAD54FC4EDC9}.Release|x64.ActiveCfg = Release|x64
		{C35A6E71-D6FE-478B-A12D-FAD54FC4EDC9}.Release|x64.Build.0 = Release|x64
		{C35A6E71-D6FE-478B-A12D-FAD54FC4EDC9}.Release|x86.ActiveCfg = Release|x86
		{C35A6E71-D6FE-478B-A12D-FAD54FC4EDC9}.Release|x86.Build.0 = Release|x86
		{C35A6E71-D6FE-478B-A12D-FAD54FC4EDC9}.Test|x64.ActiveCfg = Test|x64
		{C35A6E71-D6FE-478B-A12D-FAD54FC4EDC9}.Test|x64.Build.0 = Test|x64
		{C35A6E71-D6FE-478B-A12D-FAD54FC4EDC9}.Test|x86.ActiveCfg = Test|x86
		{C35A6E71-D6FE-478B-A12D-FAD54FC4EDC9}.Test|x86.Build.0 = Test|x86
		{0579E099-66B2-43C3-B8A0-43CAE4895E68}.Debug|x64.ActiveCfg = Debug|x64
		{0579E099-66B2-43C3-B8A0-43CAE4895E68}.Debug|x64.Build.0 = Debug|x64
		{0579E099-66B2-43C3-B8A0-43CAE4895E68}.Debug|x86.ActiveCfg = Debug|x86
		{0579E099-66B2-43C3-B8A0-43CAE4895E68}.Debug|x86.Build.0 = Debug|x86
		{0579E099-66B2-43C3-B8A0-43CAE4895E68}.Release|x64.ActiveCfg = Release|x64
		{0579E099-66B2-43C3-B8A0-43CAE4895E68}.Release|x64.Build.0 = Release|x64
		{0579E099-66B2-43C3-B8A0-43CAE4895E68}.Release|x86.ActiveCfg = Release|x86
		{0579E099-66B2-43C3-B8A0-43CAE4895E68}.Release|x86.Build.0 = Release|x86
		{0579E099-66B2-43C3-B8A0-43CAE4895E68}.Test|x64.ActiveCfg = Test|x64
		{0579E099-66B2-43C3-B8A0-43CAE4895E68}.Test|x64.Build.0 = Test|x64
		{0579E099-66B2-43C3-B8A0-43CAE4895E68}.Test|x86.ActiveCfg = Test|x86
		{0579E099-66B2-43C3-B8A0-43CAE4895E68}.Test|x86.Build.0 = Test|x86
		{475E8850-4D82-4C5E-AD19-5FDA82BC7576}.Debug|x64.ActiveCfg = Debug|x64
		{475E8850-4D82-4C5E-AD19-5FDA82BC7576}.Debug|x64.Build.0 = Debug|x64
		{475E8850-4D82-4C5E-AD19-5FDA82BC7576}.Debug|x86.ActiveCfg = Debug|x86
		{475E8850-4D82-4C5E-AD19-5FDA82BC7576}.Debug|x86.Build.0 = Debug|x86
		{475E8850-4D82-4C5E-AD19-5FDA82BC7576}.Release|x64.ActiveCfg = Release|x64
		{475E8850-4D82-4C5E-AD19-5FDA82BC7576}.Release|x64.Build.0 = Release|x64
		{475E8850-4D82-4C5E-AD19-5FDA82BC7576}.Release|x86.ActiveCfg = Release|x86
		{475E8850-4D82-4C5E-AD19-5FDA82BC7576}.Release|x86.Build.0 = Release|x86
		{475E8850-4D82-4C5E-AD19-5FDA82BC7576}.Test|x64.ActiveCfg = Test|x64
		{475E8850-4D82-4C5E-AD19-5FDA82BC7576}.Test|x64.Build.0 = Test|x64
		{475E8850-4D82-4C5E-AD19-5FDA82BC7576}.Test|x86.ActiveCfg = Test|x86
		{475E8850-4D82-4C5E-AD19-5FDA82BC7576}.Test|x86.Build.0 = Test|x86
		{A5529873-06EA-4E38-8B99-5ABD84B20446}.Debug|x64.ActiveCfg = Debug|x64
		{A5529873-06EA-4E38-8B99-5ABD84B20446}.Debug|x64.Build.0 = Debug|x64
		{A5529873-06EA-4E38-8B99-5ABD84B20446}.Debug|x86.ActiveCfg = Debug|x86
		{A5529873-06EA-4E38-8B99-5ABD84B20446}.Debug|x86.Build.0 = Debug|x86
		{A5529873-06EA-4E38-8B99-5ABD84B20446}.Release|x64.ActiveCfg = Release|x64
		{A5529873-06EA-4E38-8B99-5ABD84B20446}.Release|x64.Build.0 = Release|x64
		{A5529873-06EA-4E38-8B99-5ABD84B20446}.Release|x86.ActiveCfg = Release|x86
		{A5529873-06EA-4E38-8B99-5ABD84B20446}.Release|x86.Build.0 = Release|x86
		{A5529873-06EA-4E38-8B99-5ABD84B20446}.Test|x64.ActiveCfg = Test|x64
		{A5529873-06EA-4E38-8B99-5ABD84B20446}.Test|x64.Build.0 = Test|x64
		{A5529873-06EA-4E38-8B99-5ABD84B20446}.Test|x86.ActiveCfg = Test|x86
		{A5529873-06EA-4E38-8B99-5ABD84B20446}.Test|x86.Build.0 = Test|x86
		{A7A16F8B-2616-442F-8B8E-8AD0E2EDB7FF}.Debug|x64.ActiveCfg = Debug|x64
		{A7A16F8B-2616-442F-8B8E-8AD0E2EDB7FF}.Debug|x64.Build.0 = Debug|x64
		{A7A16F8B-2616-442F-8B8E-8AD0E2EDB7FF}.Debug|x86.ActiveCfg = Debug|x86
		{A7A16F8B-2616-442F-8B8E-8AD0E2EDB7FF}.Debug|x86.Build.0 = Debug|x86
		{A7A16F8B-2616-442F-8B8E-8AD0E2EDB7FF}.Release|x64.ActiveCfg = Release|x64
		{A7A16F8B-2616-442F-8B8E-8AD0E2EDB7FF}.Release|x64.Build.0 = Release|x64
		{A7A16F8B-2616-442F-8B8E-8AD0E2EDB7FF}.Release|x86.ActiveCfg = Release|x86
		{A7A16F8B-2616-442F-8B8E-8AD0E2EDB7FF}.Release|x86.Build.0 = Release|x86
		{A7A16F8B-2616-442F-8B8E-8AD0E2EDB7FF}.Test|x64.ActiveCfg = Test|x64
		{A7A16F8B-2616-442F-8B8E-8AD0E2EDB7FF}.Test|x64.Build.0 = Test|x64
		{A7A16F8B-2616-442F-8B8E-8AD0E2EDB7FF}.Test|x86.ActiveCfg = Test|x86
		{A7A16F8B-2616-442F-8B8E-8AD0E2EDB7FF}.Test|x86.Build.0 = Test|x86
		{98B733EB-58B4-4FC3-B2A7-FF1E9A75CF25}.Debug|x64.ActiveCfg = Debug|x64
		{98B733EB-58B4-4FC3-B2A7-FF1E9A75CF25}.Debug|x64.Build.0 = Debug|x64
		{98B733EB-58B4-4FC3-B2A7-FF1E9A75CF25}.Debug|x86.ActiveCfg = Debug|x86
		{98B733EB-58B4-4FC3-B2A7-FF1E9A75CF25}.Debug|x86.Build.0 = Debug|x86
		{98B733EB-58B4-4FC3-B2A7-FF1E9A75CF25}.Release|x64.ActiveCfg = Release|x64
		{98B733EB-58B4-4FC3-B2A7-FF1E9A75CF25}.Release|x64.Build.0 = Release|x64
		{98B733EB-58B4-4FC3-B2A7-FF1E9A75CF25}.Release|x86.ActiveCfg = Release|x86
		{98B733EB-58B4-4FC3-B2A7-FF1E9A75CF25}.Release|x86.Build.0 = Release|x86
		{98B733EB-58B4-4FC3-B2A7-FF1E9A75CF25}.Test|x64.ActiveCfg = Test|x64
		{98B733EB-58B4-4FC3-B2A7-FF1E9A75CF25}.Test|x64.Build.0 = Test|x64
		{98B733EB-58B4-4FC3-B2A7-FF1E9A75CF25}.Test|x86.ActiveCfg = Test|x86
		{98B733EB-58B4-4FC3-B2A7-FF1E9A75CF25}.Test|x86.Build.0 = Test|x86
		{44570501-A850-4518-A1F1-A8795D91D826}.Debug|x64.ActiveCfg = Debug|x64
		{44570501-A850-4518-A1F1-A8795D91D826}.Debug|x64.Build.0 = Debug|x64
		{44570501-A850-4518-A1F1-A8795D91D826}.Debug|x86.ActiveCfg = Debug|x86
		{44570501-A850-4518-A1F1-A8795D91D826}.Debug|x86.Build.0 = Debug|x86
		{44570501-A850-4518-A1F1-A8795D91D826}.Release|x64.ActiveCfg = Release|x64
		{44570501-A850-4518-A1F1-A8795D91D826}.Release|x64.Build.0 = Release|x64
		{44570501-A850-4518-A1F1-A8795D91D826}.Release|x86.ActiveCfg = Release|x86
		{44570501-A850-4518-A1F1-A8795D91D826}.Release|x86.Build.0 = Release|x86
		{44570501-A850-4518-A1F1-A8795D91D826}.Test|x64.ActiveCfg = Test|x64
		{44570501-A850-4518-A1F1-A8795D91D826}.Test|x64.Build.0 = Test|x64
		{44570501-A850-4518-A1F1-A8795D91D826}.Test|x86.ActiveCfg = Test|x86
		{44570501-A850-4518-A1F1-A8795D91D826}.Test|x86.Build.0 = Test|x86
		{1B68FDAA-C5A7-4F8A-BD5B-5876E8AC1879}.Debug|x64.ActiveCfg = Debug|x64
		{1B68FDAA-C5A7-4F8A-BD5B-5876E8AC1879}.Debug|x64.Build.0 = Debug|x64
		{1B68FDAA-C5A7-4F8A-BD5B-5876E8AC1879}.Debug|x86.ActiveCfg = Debug|x86
		{1B68FDAA-C5A7-4F8A-BD5B-5876E8AC1879}.Debug|x86.Build.0 = Debug|x86
		{1B68FDAA-C5A7-4F8A-BD5B-5876E8AC1879}.Release|x64.ActiveCfg = Release|x64
		{1B68FDAA-C5A7-4F8A-BD5B-5876E8AC1879}.Release|x64.Build.0 = Release|x64
		{1B68FDAA-C5A7-4F8A-BD5B-5876E8AC1879}.Release|x86.ActiveCfg = Release|x86
		{1B68FDAA-C5A7-4F8A-BD5B-5876E8AC1879}.Release|x86.Build.0 = Release|x86
		{1B68FDAA-C5A7-4F8A-BD5B-5876E8AC1879}.Test|x64.ActiveCfg = Test|x64
		{1B68FDAA-C5A7-4F8A-BD5B-5876E8AC1879}.Test|x64.Build.0 = Test|x64
		{1B68FDAA-C5A7-4F8A-BD5B-5876E8AC1879}.Test|x86.ActiveCfg = Test|x86
		{1B68FDAA-C5A7-4F8A-BD5B-5876E8AC1879}.Test|x86.Build.0 = Test|x86
		{0946E1A6-5488-4711-AD10-D54D6A5D2F32}.Debug|x64.ActiveCfg = Debug|x64
		{0946E1A6-5488-4711-AD10-D54D6A5D2F32}.Debug|x64.Build.0 = Debug|x64
		{0946E1A6-5488-4711-AD10-D54D6A5D2F32}.Debug|x86.ActiveCfg = Debug|x86
		{0946E1A6-5488-4711-AD10-D54D6A5D2F32}.Debug|x86.Build.0 = Debug|x86
		{0946E1A6-5488-4711-AD10-D54D6A5D2F32}.Release|x64.ActiveCfg = Release|x64
		{0946E1A6-5488-4711-AD10-D54D6A5D2F32}.Release|x64.Build.0 = Release|x64
		{0946E1A6-5488-4711-AD10-D54D6A5D2F32}.Release|x86.ActiveCfg = Release|x86
		{0946E1A6-5488-4711-AD10-D54D6A5D2F32}.Release|x86.Build.0 = Release|x86
		{0946E1A6-5488-4711-AD10-D54D6A5D2F32}.Test|x64.ActiveCfg = Test|x64
		{0946E1A6-5488-4711-AD10-D54D6A5D2F32}.Test|x64.Build.0 = Test|x64
		{0946E1A6-5488-4711-AD10-D54D6A5D2F32}.Test|x86.ActiveCfg = Test|x86
		{0946E1A6-5488-4711-AD10-D54D6A5D2F32}.Test|x86.Build.0 = Test|x86
		{FD4214D8-FFB9-406F-9202-BB5EC0645E8F}.Debug|x64.ActiveCfg = Debug|x64
		{FD4214D8-FFB9-406F-9202-BB5EC0645E8F}.Debug|x64.Build.0 = Debug|x64
		{FD4214D8-FFB9-406F-9202-BB5EC0645E8F}.Debug|x86.ActiveCfg = Debug|x86
		{FD4214D8-FFB9-406F-9202-BB5EC0645E8F}.Debug|x86.Build.0 = Debug|x86
		{FD4214D8-FFB9-406F-9202-BB5EC0645E8F}.Release|x64.ActiveCfg = Release|x64
		{FD4214D8-FFB9-406F-9202-BB5EC0645E8F}.Release|x64.Build.0 = Release|x64
		{FD4214D8-FFB9-406F-9202-BB5EC0645E8F}.Release|x86.ActiveCfg = Release|x86
		{FD4214D8-FFB9-406F-9202-BB5EC0645E8F}.Release|x86.Build.0 = Release|x86
		{FD4214D8-FFB9-406F-9202-BB5EC0645E8F}.Test|x64.ActiveCfg = Test|x64
		{FD4214D8-FFB9-406F-9202-BB5EC0645E8F}.Test|x64.Build.0 = Test|x64
		{FD4214D8-FFB9-406F-9202-BB5EC0645E8F}.Test|x86.ActiveCfg = Test|x86
		{FD4214D8-FFB9-406F-9202-BB5EC0645E8F}.Test|x86.Build.0 = Test|x86
		{4AB9BE96-3E34-40CB-9270-A64480C851EE}.Debug|x64.ActiveCfg = Debug|x64
		{4AB9BE96-3E34-40CB-9270-A64480C851EE}.Debug|x64.Build.0 = Debug|x64
		{4AB9BE96-3E34-40CB-9270-A64480C851EE}.Debug|x86.ActiveCfg = Debug|x86
		{4AB9BE96-3E34-40CB-9270-A64480C851EE}.Debug|x86.Build.0 = Debug|x86
		{4AB9BE96-3E34-40CB-9270-A64480C851EE}.Release|x64.ActiveCfg = Release|x64
		{4AB9BE96-3E34-40CB-9270-A64480C851EE}.Release|x64.Build.0 = Release|x64
		{4AB9BE96-3E34-40CB-9270-A64480C851EE}.Release|x86.ActiveCfg = Release|x86
		{4AB9BE96-3E34-40CB-9270-A64480C851EE}.Release|x86.Build.0 = Release|x86
		{4AB9BE96-3E34-40CB-9270-A64480C851EE}.Test|x64.ActiveCfg = Release|x64
		{4AB9BE96-3E34-40CB-9270-A64480C851EE}.Test|x64.Build.0 = Release|x64
		{4AB9BE96-3E34-40CB-9270-A64480C851EE}.Test|x86.ActiveCfg = Release|x86
		{4AB9BE96-3E34-40CB-9270-A64480C851EE}.Test|x86.Build.0 = Release|x86
		{3C72FF93-48C2-4929-B3B2-83F165AAE636}.Debug|x64.ActiveCfg = Debug|x64
		{3C72FF93-48C2-4929-B3B2-83F165AAE636}.Debug|x64.Build.0 = Debug|x64
		{3C72FF93-48C2-4929-B3B2-83F165AAE636}.Debug|x86.ActiveCfg = Debug|x86
		{3C72FF93-48C2-4929-B3B2-83F165AAE636}.Debug|x86.Build.0 = Debug|x86
		{3C72FF93-48C2-4929-B3B2-83F165AAE636}.Release|x64.ActiveCfg = Release|x64
		{3C72FF93-48C2-4929-B3B2-83F165AAE636}.Release|x64.Build.0 = Release|x64
		{3C72FF93-48C2-4929-B3B2-83F165AAE636}.Release|x86.ActiveCfg = Release|x86
		{3C72FF93-48C2-4929-B3B2-83F165AAE636}.Release|x86.Build.0 = Release|x86
		{3C72FF93-48C2-4929-B3B2-83F165AAE636}.Test|x64.ActiveCfg = Test|x64
		{3C72FF93-48C2-4929-B3B2-83F165AAE636}.Test|x64.Build.0 = Test|x64
		{3C72FF93-48C2-4929-B3B2-83F165AAE636}.Test|x86.ActiveCfg = Test|x86
		{3C72FF93-48C2-4929-B3B2-83F165AAE636}.Test|x86.Build.0 = Test|x86
		{E3D15A1E-65D0-457A-9894-7F4E36369163}.Debug|x64.ActiveCfg = Debug|x64
		{E3D15A1E-65D0-457A-9894-7F4E36369163}.Debug|x64.Build.0 = Debug|x64
		{E3D15A1E-65D0-457A-9894-7F4E36369163}.Debug|x86.ActiveCfg = Debug|x86
		{E3D15A1E-65D0-457A-9894-7F4E36369163}.Debug|x86.Build.0 = Debug|x86
		{E3D15A1E-65D0-457A-9894-7F4E36369163}.Release|x64.ActiveCfg = Release|x64
		{E3D15A1E-65D0-457A-9894-7F4E36369163}.Release|x64.Build.0 = Release|x64
		{E3D15A1E-65D0-457A-9894-7F4E36369163}.Release|x86.ActiveCfg = Release|x86
		{E3D15A1E-65D0-457A-9894-7F4E36369163}.Release|x86.Build.0 = Release|x86
		{E3D15A1E-65D0-457A-9894-7F4E36369163}.Test|x64.ActiveCfg = Test|x64
		{E3D15A1E-65D0-457A-9894-7F4E36369163}.Test|x64.Build.0 = Test|x64
		{E3D15A1E-65D0-457A-9894-7F4E36369163}.Test|x86.ActiveCfg = Test|x86
		{E3D15A1E-65D0-457A-9894-7F4E36369163}.Test|x86.Build.0 = Test|x86
		{97B06ADB-43E4-4320-9AD8-D167421F0644}.Debug|x64.ActiveCfg = Debug|x64
		{97B06ADB-43E4-4320-9AD8-D167421F0644}.Debug|x64.Build.0 = Debug|x64
		{97B06ADB-43E4-4320-9AD8-D167421F0644}.Debug|x86.ActiveCfg = Debug|Win32
		{97B06ADB-43E4-4320-9AD8-D167421F0644}.Debug|x86.Build.0 = Debug|Win32
		{97B06ADB-43E4-4320-9AD8-D167421F0644}.Release|x64.ActiveCfg = Release|x64
		{97B06ADB-43E4-4320-9AD8-D167421F0644}.Release|x64.Build.0 = Release|x64
		{97B06ADB-43E4-4320-9AD8-D167421F0644}.Release|x86.ActiveCfg = Release|Win32
		{97B06ADB-43E4-4320-9AD8-D167421F0644}.Release|x86.Build.0 = Release|Win32
		{97B06ADB-43E4-4320-9AD8-D167421F0644}.Test|x64.ActiveCfg = Release|x64
		{97B06ADB-43E4-4320-9AD8-D167421F0644}.Test|x64.Build.0 = Release|x64
		{97B06ADB-43E4-4320-9AD8-D167421F0644}.Test|x86.ActiveCfg = Release|Win32
		{97B06ADB-43E4-4320-9AD8-D167421F0644}.Test|x86.Build.0 = Release|Win32
		{FF5D473C-0716-4D3E-9078-2EBD979F94C6}.Debug|x64.ActiveCfg = Debug|x64
		{FF5D473C-0716-4D3E-9078-2EBD979F94C6}.Debug|x64.Build.0 = Debug|x64
		{FF5D473C-0716-4D3E-9078-2EBD979F94C6}.Debug|x86.ActiveCfg = Debug|x86
		{FF5D473C-0716-4D3E-9078-2EBD979F94C6}.Debug|x86.Build.0 = Debug|x86
		{FF5D473C-0716-4D3E-9078-2EBD979F94C6}.Release|x64.ActiveCfg = Release|x64
		{FF5D473C-0716-4D3E-9078-2EBD979F94C6}.Release|x64.Build.0 = Release|x64
		{FF5D473C-0716-4D3E-9078-2EBD979F94C6}.Release|x86.ActiveCfg = Release|x86
		{FF5D473C-0716-4D3E-9078-2EBD979F94C6}.Release|x86.Build.0 = Release|x86
		{FF5D473C-0716-4D3E-9078-2EBD979F94C6}.Test|x64.ActiveCfg = Test|x64
		{FF5D473C-0716-4D3E-9078-2EBD979F94C6}.Test|x64.Build.0 = Test|x64
		{FF5D473C-0716-4D3E-9078-2EBD979F94C6}.Test|x86.ActiveCfg = Test|x86
		{FF5D473C-0716-4D3E-9078-2EBD979F94C6}.Test|x86.Build.0 = Test|x86
		{B3081095-4B9D-4E5A-A9EE-866C71135878}.Debug|x64.ActiveCfg = Debug|x64
		{B3081095-4B9D-4E5A-A9EE-866C71135878}.Debug|x64.Build.0 = Debug|x64
		{B3081095-4B9D-4E5A-A9EE-866C71135878}.Debug|x86.ActiveCfg = Debug|x86
		{B3081095-4B9D-4E5A-A9EE-866C71135878}.Debug|x86.Build.0 = Debug|x86
		{B3081095-4B9D-4E5A-A9EE-866C71135878}.Release|x64.ActiveCfg = Release|x64
		{B3081095-4B9D-4E5A-A9EE-866C71135878}.Release|x64.Build.0 = Release|x64
		{B3081095-4B9D-4E5A-A9EE-866C71135878}.Release|x86.ActiveCfg = Release|x86
		{B3081095-4B9D-4E5A-A9EE-866C71135878}.Release|x86.Build.0 = Release|x86
		{B3081095-4B9D-4E5A-A9EE-866C71135878}.Test|x64.ActiveCfg = Release|x64
		{B3081095-4B9D-4E5A-A9EE-866C71135878}.Test|x64.Build.0 = Release|x64
		{B3081095-4B9D-4E5A-A9EE-866C71135878}.Test|x86.ActiveCfg = Release|x86
		{B3081095-4B9D-4E5A-A9EE-866C71135878}.Test|x86.Build.0 = Release|x86
	EndGlobalSection
	GlobalSection(SolutionProperties) = preSolution
		HideSolutionNode = FALSE
	EndGlobalSection
	GlobalSection(NestedProjects) = preSolution
		{25DB2B47-A457-4EC2-960B-395CE07AE093} = {0BCB2A8B-D505-48AB-A802-55039EE9C542}
		{5AA65CEE-66BF-4B99-B46B-339E15C1A2C4} = {0BCB2A8B-D505-48AB-A802-55039EE9C542}
		{C35A6E71-D6FE-478B-A12D-FAD54FC4EDC9} = {0BCB2A8B-D505-48AB-A802-55039EE9C542}
		{0579E099-66B2-43C3-B8A0-43CAE4895E68} = {C09AE9C6-E15F-46B4-94BC-AA26A237BDB8}
		{475E8850-4D82-4C5E-AD19-5FDA82BC7576} = {C09AE9C6-E15F-46B4-94BC-AA26A237BDB8}
		{A5529873-06EA-4E38-8B99-5ABD84B20446} = {C09AE9C6-E15F-46B4-94BC-AA26A237BDB8}
		{A7A16F8B-2616-442F-8B8E-8AD0E2EDB7FF} = {C09AE9C6-E15F-46B4-94BC-AA26A237BDB8}
		{98B733EB-58B4-4FC3-B2A7-FF1E9A75CF25} = {C09AE9C6-E15F-46B4-94BC-AA26A237BDB8}
		{44570501-A850-4518-A1F1-A8795D91D826} = {C09AE9C6-E15F-46B4-94BC-AA26A237BDB8}
		{1B68FDAA-C5A7-4F8A-BD5B-5876E8AC1879} = {0BCB2A8B-D505-48AB-A802-55039EE9C542}
		{0946E1A6-5488-4711-AD10-D54D6A5D2F32} = {0BCB2A8B-D505-48AB-A802-55039EE9C542}
		{FD4214D8-FFB9-406F-9202-BB5EC0645E8F} = {0BCB2A8B-D505-48AB-A802-55039EE9C542}
		{4AB9BE96-3E34-40CB-9270-A64480C851EE} = {0BCB2A8B-D505-48AB-A802-55039EE9C542}
		{3C72FF93-48C2-4929-B3B2-83F165AAE636} = {C09AE9C6-E15F-46B4-94BC-AA26A237BDB8}
		{E3D15A1E-65D0-457A-9894-7F4E36369163} = {C09AE9C6-E15F-46B4-94BC-AA26A237BDB8}
		{97B06ADB-43E4-4320-9AD8-D167421F0644} = {0BCB2A8B-D505-48AB-A802-55039EE9C542}
		{FF5D473C-0716-4D3E-9078-2EBD979F94C6} = {0BCB2A8B-D505-48AB-A802-55039EE9C542}
		{B3081095-4B9D-4E5A-A9EE-866C71135878} = {0BCB2A8B-D505-48AB-A802-55039EE9C542}
	EndGlobalSection
	GlobalSection(ExtensibilityGlobals) = postSolution
		SolutionGuid = {20B6B223-CBD3-4814-940E-A35665A85920}
	EndGlobalSection
EndGlobal
