
Microsoft Visual Studio Solution File, Format Version 12.00
# Visual Studio Version 16
VisualStudioVersion = 16.0.29509.3
MinimumVisualStudioVersion = 10.0.40219.1
Project("{FAE04EC0-301F-11D3-BF4B-00C04F79EFBC}") = "CertificateServer", "CertificateServer\CertificateServer.csproj", "{743EFDA5-40BA-4702-A6CE-5BE8800905A4}"
EndProject
Project("{FAE04EC0-301F-11D3-BF4B-00C04F79EFBC}") = "CertificateClientSimpleGUI", "CertificateClient\CertificateClientSimpleGUI.csproj", "{9361A6FC-4A92-4725-88CB-C6D216BB77F2}"
EndProject
Project("{FAE04EC0-301F-11D3-BF4B-00C04F79EFBC}") = "CertificateLibrary", "CertificateLibrary\CertificateLibrary.csproj", "{ABA78840-2321-4DD3-91C6-84CC722D794B}"
EndProject
Global
	GlobalSection(SolutionConfigurationPlatforms) = preSolution
		Debug|x64 = Debug|x64
		Release|x64 = Release|x64
	EndGlobalSection
	GlobalSection(ProjectConfigurationPlatforms) = postSolution
		{743EFDA5-40BA-4702-A6CE-5BE8800905A4}.Debug|x64.ActiveCfg = Debug|x64
		{743EFDA5-40BA-4702-A6CE-5BE8800905A4}.Debug|x64.Build.0 = Debug|x64
		{743EFDA5-40BA-4702-A6CE-5BE8800905A4}.Release|x64.ActiveCfg = Release|x64
		{743EFDA5-40BA-4702-A6CE-5BE8800905A4}.Release|x64.Build.0 = Release|x64
		{9361A6FC-4A92-4725-88CB-C6D216BB77F2}.Debug|x64.ActiveCfg = Debug|x64
		{9361A6FC-4A92-4725-88CB-C6D216BB77F2}.Debug|x64.Build.0 = Debug|x64
		{9361A6FC-4A92-4725-88CB-C6D216BB77F2}.Release|x64.ActiveCfg = Release|x64
		{9361A6FC-4A92-4725-88CB-C6D216BB77F2}.Release|x64.Build.0 = Release|x64
		{ABA78840-2321-4DD3-91C6-84CC722D794B}.Debug|x64.ActiveCfg = Debug|x64
		{ABA78840-2321-4DD3-91C6-84CC722D794B}.Debug|x64.Build.0 = Debug|x64
		{ABA78840-2321-4DD3-91C6-84CC722D794B}.Release|x64.ActiveCfg = Release|x64
		{ABA78840-2321-4DD3-91C6-84CC722D794B}.Release|x64.Build.0 = Release|x64
	EndGlobalSection
	GlobalSection(SolutionProperties) = preSolution
		HideSolutionNode = FALSE
	EndGlobalSection
	GlobalSection(ExtensibilityGlobals) = postSolution
		SolutionGuid = {773626AD-7523-41E5-A36B-51FCF7FED719}
	EndGlobalSection
EndGlobal
