
Microsoft Visual Studio Solution File, Format Version 11.00
# Visual Studio 2010
Project("{FAE04EC0-301F-11D3-BF4B-00C04F79EFBC}") = "Purple", "Purple\Purple.csproj", "{3010F13F-4664-4231-9D98-99E85EBB82AE}"
EndProject
Global
	GlobalSection(SolutionConfigurationPlatforms) = preSolution
		Debug|x64 = Debug|x64
		Debug|x86 = Debug|x86
		Release|x64 = Release|x64
		Release|x86 = Release|x86
	EndGlobalSection
	GlobalSection(ProjectConfigurationPlatforms) = postSolution
		{3010F13F-4664-4231-9D98-99E85EBB82AE}.Debug|x64.ActiveCfg = Release|x86
		{3010F13F-4664-4231-9D98-99E85EBB82AE}.Debug|x64.Build.0 = Release|x86
		{3010F13F-4664-4231-9D98-99E85EBB82AE}.Debug|x86.ActiveCfg = Release|x86
		{3010F13F-4664-4231-9D98-99E85EBB82AE}.Debug|x86.Build.0 = Release|x86
		{3010F13F-4664-4231-9D98-99E85EBB82AE}.Release|x64.ActiveCfg = Release|x64
		{3010F13F-4664-4231-9D98-99E85EBB82AE}.Release|x64.Build.0 = Release|x64
		{3010F13F-4664-4231-9D98-99E85EBB82AE}.Release|x86.ActiveCfg = Release|x86
		{3010F13F-4664-4231-9D98-99E85EBB82AE}.Release|x86.Build.0 = Release|x86
	EndGlobalSection
	GlobalSection(SolutionProperties) = preSolution
		HideSolutionNode = FALSE
	EndGlobalSection
EndGlobal
